
Microsoft Visual Studio Solution File, Format Version 12.00
# Visual Studio 15
Project("{FAE04EC0-301F-11D3-BF4B-00C04F79EFBC}") = "ArrayList1", "ArrayList1\ArrayList1.csproj", "{B1BFBBDE-7CE2-4A1C-A6F7-4862D2D5AD27}"
EndProject
Project("{FAE04EC0-301F-11D3-BF4B-00C04F79EFBC}") = "BitArray1", "BitArray1\BitArray1.csproj", "{B8682904-66F5-40B4-BF92-FC9DD39C42D3}"
EndProject
Project("{FAE04EC0-301F-11D3-BF4B-00C04F79EFBC}") = "HashTable", "HashTable\HashTable.csproj", "{3D88232B-00E2-441B-AAAF-0D9710931F7B}"
EndProject
Project("{FAE04EC0-301F-11D3-BF4B-00C04F79EFBC}") = "queue", "queue\queue.csproj", "{9881AFFF-E955-499F-A1FE-9BBAC36900F9}"
EndProject
Project("{FAE04EC0-301F-11D3-BF4B-00C04F79EFBC}") = "SortedListx", "SortedListx\SortedListx.csproj", "{BDD8A6F5-9E2E-4519-9D03-64A0403A3C98}"
EndProject
Project("{FAE04EC0-301F-11D3-BF4B-00C04F79EFBC}") = "stack", "stack\stack.csproj", "{F5982FD5-6394-4326-AD1F-4433A1EEF14A}"
EndProject
Project("{FAE04EC0-301F-11D3-BF4B-00C04F79EFBC}") = "Colecciones-G1", "Colecciones-G1\Colecciones-G1.csproj", "{227966DF-3A1D-4221-863C-546F917DBEDC}"
EndProject
Project("{FAE04EC0-301F-11D3-BF4B-00C04F79EFBC}") = "StackGQueuegene", "StackGQueuegene\StackGQueuegene.csproj", "{975DBD7A-DA5C-482A-BFD3-563392B5320C}"
EndProject
Project("{FAE04EC0-301F-11D3-BF4B-00C04F79EFBC}") = "Sortedset", "Sortedset\Sortedset.csproj", "{9628C1E4-45E5-416B-93B1-9C1C07B2357D}"
EndProject
Project("{FAE04EC0-301F-11D3-BF4B-00C04F79EFBC}") = "observabble", "observabble\observabble.csproj", "{868E14B6-A97C-4179-A2FA-C56F379464AF}"
EndProject
Project("{FAE04EC0-301F-11D3-BF4B-00C04F79EFBC}") = "var_nulleable_dynamic", "var_nulleable_dynamic\var_nulleable_dynamic.csproj", "{4533B94B-EBCE-48F7-A972-4D8942676C41}"
EndProject
Project("{FAE04EC0-301F-11D3-BF4B-00C04F79EFBC}") = "metodo_generico", "metodo_generico\metodo_generico.csproj", "{8AB46C7A-8B37-4660-A4E2-F15D01E06CCB}"
EndProject
Project("{FAE04EC0-301F-11D3-BF4B-00C04F79EFBC}") = "Clase_generica", "Clase_generica\Clase_generica.csproj", "{49B82A55-9077-41D2-B9B7-43198A454DC9}"
EndProject
Project("{FAE04EC0-301F-11D3-BF4B-00C04F79EFBC}") = "Delegado_generico_Action", "Delegado_generico_Action\Delegado_generico_Action.csproj", "{85446A49-6834-4032-B4B2-2B31BBB409E1}"
EndProject
Project("{FAE04EC0-301F-11D3-BF4B-00C04F79EFBC}") = "Action_func", "Action_func\Action_func.csproj", "{16C94CB9-5999-41B8-BD77-43744B3AA0C2}"
EndProject
Project("{FAE04EC0-301F-11D3-BF4B-00C04F79EFBC}") = "Metodos_Anonimos", "Metodos_Anonimos\Metodos_Anonimos.csproj", "{5B3EE910-0D96-4F22-9600-94B8792B24E1}"
EndProject
Project("{FAE04EC0-301F-11D3-BF4B-00C04F79EFBC}") = "Predicados", "Predicados\Predicados.csproj", "{3B38C851-ABCF-4832-B476-468173E9A85E}"
EndProject
Project("{FAE04EC0-301F-11D3-BF4B-00C04F79EFBC}") = "Lambdas", "Lambdas\Lambdas.csproj", "{70C6B96F-AF4F-4F40-B3E3-9E599B63E608}"
EndProject
Project("{FAE04EC0-301F-11D3-BF4B-00C04F79EFBC}") = "Lambda2", "Lambda2\Lambda2.csproj", "{DB23A356-48BB-4CFB-9A52-CA841EE603C2}"
EndProject
Project("{FAE04EC0-301F-11D3-BF4B-00C04F79EFBC}") = "ConversionExp", "ConversionExp\ConversionExp.csproj", "{88FC8676-8D72-4270-9CD3-B3F64CB7C381}"
EndProject
Project("{FAE04EC0-301F-11D3-BF4B-00C04F79EFBC}") = "ConversionImplicita", "ConversionImplicita\ConversionImplicita.csproj", "{F5951160-805D-4B7D-ABF3-1325398FA748}"
EndProject
Project("{FAE04EC0-301F-11D3-BF4B-00C04F79EFBC}") = "TiposAnonimos", "TiposAnonimos\TiposAnonimos.csproj", "{1BF3E36B-F382-4B9C-8CB3-F8C84E5918B8}"
EndProject
Project("{FAE04EC0-301F-11D3-BF4B-00C04F79EFBC}") = "MetodosExtension", "MetodosExtension\MetodosExtension.csproj", "{408ACE99-3053-40B8-9748-F4F1423EA486}"
EndProject
Project("{FAE04EC0-301F-11D3-BF4B-00C04F79EFBC}") = "Apuntadores", "Apuntadores\Apuntadores.csproj", "{DE98D5C6-CD79-4C5D-B7D7-0419A86267AC}"
EndProject
Project("{FAE04EC0-301F-11D3-BF4B-00C04F79EFBC}") = "SabeCuandoObjImplementaInterfa", "SabeCuandoObjImplementaInterfa\SabeCuandoObjImplementaInterfa.csproj", "{7B17529D-5D32-413C-B3A8-C9309685D1DF}"
EndProject
Global
	GlobalSection(SolutionConfigurationPlatforms) = preSolution
		Debug|x86 = Debug|x86
		Release|x86 = Release|x86
		Any|Any CPU = Any|Any CPU
	EndGlobalSection
	GlobalSection(ProjectConfigurationPlatforms) = postSolution
		{B1BFBBDE-7CE2-4A1C-A6F7-4862D2D5AD27}.Any|Any CPU.ActiveCfg = Any|Any CPU
		{B1BFBBDE-7CE2-4A1C-A6F7-4862D2D5AD27}.Any|Any CPU.Build.0 = Any|Any CPU
		{B8682904-66F5-40B4-BF92-FC9DD39C42D3}.Any|Any CPU.ActiveCfg = Any|Any CPU
		{B8682904-66F5-40B4-BF92-FC9DD39C42D3}.Any|Any CPU.Build.0 = Any|Any CPU
		{3D88232B-00E2-441B-AAAF-0D9710931F7B}.Any|Any CPU.ActiveCfg = Any|Any CPU
		{3D88232B-00E2-441B-AAAF-0D9710931F7B}.Any|Any CPU.Build.0 = Any|Any CPU
		{9881AFFF-E955-499F-A1FE-9BBAC36900F9}.Any|Any CPU.ActiveCfg = Any|Any CPU
		{9881AFFF-E955-499F-A1FE-9BBAC36900F9}.Any|Any CPU.Build.0 = Any|Any CPU
		{BDD8A6F5-9E2E-4519-9D03-64A0403A3C98}.Any|Any CPU.ActiveCfg = Any|Any CPU
		{BDD8A6F5-9E2E-4519-9D03-64A0403A3C98}.Any|Any CPU.Build.0 = Any|Any CPU
		{F5982FD5-6394-4326-AD1F-4433A1EEF14A}.Any|Any CPU.ActiveCfg = Any|Any CPU
		{F5982FD5-6394-4326-AD1F-4433A1EEF14A}.Any|Any CPU.Build.0 = Any|Any CPU
		{227966DF-3A1D-4221-863C-546F917DBEDC}.Any|Any CPU.ActiveCfg = Any|Any CPU
		{227966DF-3A1D-4221-863C-546F917DBEDC}.Any|Any CPU.Build.0 = Any|Any CPU
		{975DBD7A-DA5C-482A-BFD3-563392B5320C}.Any|Any CPU.ActiveCfg = Any|Any CPU
		{975DBD7A-DA5C-482A-BFD3-563392B5320C}.Any|Any CPU.Build.0 = Any|Any CPU
		{9628C1E4-45E5-416B-93B1-9C1C07B2357D}.Any|Any CPU.ActiveCfg = Any|Any CPU
		{9628C1E4-45E5-416B-93B1-9C1C07B2357D}.Any|Any CPU.Build.0 = Any|Any CPU
		{868E14B6-A97C-4179-A2FA-C56F379464AF}.Any|Any CPU.ActiveCfg = Any|Any CPU
		{868E14B6-A97C-4179-A2FA-C56F379464AF}.Any|Any CPU.Build.0 = Any|Any CPU
		{4533B94B-EBCE-48F7-A972-4D8942676C41}.Any|Any CPU.ActiveCfg = Any|Any CPU
		{4533B94B-EBCE-48F7-A972-4D8942676C41}.Any|Any CPU.Build.0 = Any|Any CPU
		{8AB46C7A-8B37-4660-A4E2-F15D01E06CCB}.Any|Any CPU.ActiveCfg = Any|Any CPU
		{8AB46C7A-8B37-4660-A4E2-F15D01E06CCB}.Any|Any CPU.Build.0 = Any|Any CPU
		{49B82A55-9077-41D2-B9B7-43198A454DC9}.Any|Any CPU.ActiveCfg = Any|Any CPU
		{49B82A55-9077-41D2-B9B7-43198A454DC9}.Any|Any CPU.Build.0 = Any|Any CPU
		{85446A49-6834-4032-B4B2-2B31BBB409E1}.Any|Any CPU.ActiveCfg = Any|Any CPU
		{85446A49-6834-4032-B4B2-2B31BBB409E1}.Any|Any CPU.Build.0 = Any|Any CPU
		{16C94CB9-5999-41B8-BD77-43744B3AA0C2}.Any|Any CPU.ActiveCfg = Any|Any CPU
		{16C94CB9-5999-41B8-BD77-43744B3AA0C2}.Any|Any CPU.Build.0 = Any|Any CPU
		{5B3EE910-0D96-4F22-9600-94B8792B24E1}.Any|Any CPU.ActiveCfg = Any|Any CPU
		{5B3EE910-0D96-4F22-9600-94B8792B24E1}.Any|Any CPU.Build.0 = Any|Any CPU
		{3B38C851-ABCF-4832-B476-468173E9A85E}.Any|Any CPU.ActiveCfg = Any|Any CPU
		{3B38C851-ABCF-4832-B476-468173E9A85E}.Any|Any CPU.Build.0 = Any|Any CPU
		{70C6B96F-AF4F-4F40-B3E3-9E599B63E608}.Any|Any CPU.ActiveCfg = Any|Any CPU
		{70C6B96F-AF4F-4F40-B3E3-9E599B63E608}.Any|Any CPU.Build.0 = Any|Any CPU
		{DB23A356-48BB-4CFB-9A52-CA841EE603C2}.Any|Any CPU.ActiveCfg = Any|Any CPU
		{DB23A356-48BB-4CFB-9A52-CA841EE603C2}.Any|Any CPU.Build.0 = Any|Any CPU
		{88FC8676-8D72-4270-9CD3-B3F64CB7C381}.Any|Any CPU.ActiveCfg = Any|Any CPU
		{88FC8676-8D72-4270-9CD3-B3F64CB7C381}.Any|Any CPU.Build.0 = Any|Any CPU
		{F5951160-805D-4B7D-ABF3-1325398FA748}.Debug|x86.ActiveCfg = Debug|Any CPU
		{F5951160-805D-4B7D-ABF3-1325398FA748}.Debug|x86.Build.0 = Debug|Any CPU
		{F5951160-805D-4B7D-ABF3-1325398FA748}.Release|x86.ActiveCfg = Release|Any CPU
		{F5951160-805D-4B7D-ABF3-1325398FA748}.Release|x86.Build.0 = Release|Any CPU
		{F5951160-805D-4B7D-ABF3-1325398FA748}.Any|Any CPU.ActiveCfg = Release|Any CPU
		{F5951160-805D-4B7D-ABF3-1325398FA748}.Any|Any CPU.Build.0 = Release|Any CPU
		{1BF3E36B-F382-4B9C-8CB3-F8C84E5918B8}.Debug|x86.ActiveCfg = Debug|Any CPU
		{1BF3E36B-F382-4B9C-8CB3-F8C84E5918B8}.Debug|x86.Build.0 = Debug|Any CPU
		{1BF3E36B-F382-4B9C-8CB3-F8C84E5918B8}.Release|x86.ActiveCfg = Release|Any CPU
		{1BF3E36B-F382-4B9C-8CB3-F8C84E5918B8}.Release|x86.Build.0 = Release|Any CPU
		{1BF3E36B-F382-4B9C-8CB3-F8C84E5918B8}.Any|Any CPU.ActiveCfg = Release|Any CPU
		{1BF3E36B-F382-4B9C-8CB3-F8C84E5918B8}.Any|Any CPU.Build.0 = Release|Any CPU
		{408ACE99-3053-40B8-9748-F4F1423EA486}.Debug|x86.ActiveCfg = Debug|Any CPU
		{408ACE99-3053-40B8-9748-F4F1423EA486}.Debug|x86.Build.0 = Debug|Any CPU
		{408ACE99-3053-40B8-9748-F4F1423EA486}.Release|x86.ActiveCfg = Release|Any CPU
		{408ACE99-3053-40B8-9748-F4F1423EA486}.Release|x86.Build.0 = Release|Any CPU
		{408ACE99-3053-40B8-9748-F4F1423EA486}.Any|Any CPU.ActiveCfg = Release|Any CPU
		{408ACE99-3053-40B8-9748-F4F1423EA486}.Any|Any CPU.Build.0 = Release|Any CPU
		{DE98D5C6-CD79-4C5D-B7D7-0419A86267AC}.Debug|x86.ActiveCfg = Debug|Any CPU
		{DE98D5C6-CD79-4C5D-B7D7-0419A86267AC}.Debug|x86.Build.0 = Debug|Any CPU
		{DE98D5C6-CD79-4C5D-B7D7-0419A86267AC}.Release|x86.ActiveCfg = Release|Any CPU
		{DE98D5C6-CD79-4C5D-B7D7-0419A86267AC}.Release|x86.Build.0 = Release|Any CPU
		{DE98D5C6-CD79-4C5D-B7D7-0419A86267AC}.Any|Any CPU.ActiveCfg = Release|Any CPU
		{DE98D5C6-CD79-4C5D-B7D7-0419A86267AC}.Any|Any CPU.Build.0 = Release|Any CPU
		{7B17529D-5D32-413C-B3A8-C9309685D1DF}.Debug|x86.ActiveCfg = Debug|Any CPU
		{7B17529D-5D32-413C-B3A8-C9309685D1DF}.Debug|x86.Build.0 = Debug|Any CPU
		{7B17529D-5D32-413C-B3A8-C9309685D1DF}.Release|x86.ActiveCfg = Release|Any CPU
		{7B17529D-5D32-413C-B3A8-C9309685D1DF}.Release|x86.Build.0 = Release|Any CPU
		{7B17529D-5D32-413C-B3A8-C9309685D1DF}.Any|Any CPU.ActiveCfg = Release|Any CPU
		{7B17529D-5D32-413C-B3A8-C9309685D1DF}.Any|Any CPU.Build.0 = Release|Any CPU
	EndGlobalSection
	GlobalSection(MonoDevelopProperties) = preSolution
		Policies = $0
		$0.DotNetNamingPolicy = $1
		$1.DirectoryNamespaceAssociation = PrefixedHierarchical
	EndGlobalSection
EndGlobal
